
Microsoft Visual Studio Solution File, Format Version 12.00
# Visual Studio Version 16
VisualStudioVersion = 16.0.29728.190
MinimumVisualStudioVersion = 10.0.40219.1
Project("{FAE04EC0-301F-11D3-BF4B-00C04F79EFBC}") = "AdlerLing.AccountService.WebApi", "..\AdlerLing.AccountService\AdlerLing.AccountService.WebApi\AdlerLing.AccountService.WebApi.csproj", "{8989A999-17B7-452B-93E2-C87E72711B17}"
EndProject
Global
	GlobalSection(SolutionConfigurationPlatforms) = preSolution
		Debug|Any CPU = Debug|Any CPU
		Release|Any CPU = Release|Any CPU
	EndGlobalSection
	GlobalSection(ProjectConfigurationPlatforms) = postSolution
		{8989A999-17B7-452B-93E2-C87E72711B17}.Debug|Any CPU.ActiveCfg = Debug|Any CPU
		{8989A999-17B7-452B-93E2-C87E72711B17}.Debug|Any CPU.Build.0 = Debug|Any CPU
		{8989A999-17B7-452B-93E2-C87E72711B17}.Release|Any CPU.ActiveCfg = Release|Any CPU
		{8989A999-17B7-452B-93E2-C87E72711B17}.Release|Any CPU.Build.0 = Release|Any CPU
	EndGlobalSection
	GlobalSection(SolutionProperties) = preSolution
		HideSolutionNode = FALSE
	EndGlobalSection
	GlobalSection(ExtensibilityGlobals) = postSolution
		SolutionGuid = {E112479D-EF18-4F08-B2AD-63173ED2930F}
	EndGlobalSection
EndGlobal
